
Microsoft Visual Studio Solution File, Format Version 12.00
# Visual Studio Version 16
VisualStudioVersion = 16.0.30204.135
MinimumVisualStudioVersion = 10.0.40219.1
Project("{FAE04EC0-301F-11D3-BF4B-00C04F79EFBC}") = "Views", "Practica_Grupal1\Views.csproj", "{96FBE746-211F-402D-AD6D-0439F8D7C702}"
EndProject
Global
	GlobalSection(SolutionConfigurationPlatforms) = preSolution
		Debug|Any CPU = Debug|Any CPU
		Release|Any CPU = Release|Any CPU
	EndGlobalSection
	GlobalSection(ProjectConfigurationPlatforms) = postSolution
		{96FBE746-211F-402D-AD6D-0439F8D7C702}.Debug|Any CPU.ActiveCfg = Debug|Any CPU
		{96FBE746-211F-402D-AD6D-0439F8D7C702}.Debug|Any CPU.Build.0 = Debug|Any CPU
		{96FBE746-211F-402D-AD6D-0439F8D7C702}.Release|Any CPU.ActiveCfg = Release|Any CPU
		{96FBE746-211F-402D-AD6D-0439F8D7C702}.Release|Any CPU.Build.0 = Release|Any CPU
	EndGlobalSection
	GlobalSection(SolutionProperties) = preSolution
		HideSolutionNode = FALSE
	EndGlobalSection
	GlobalSection(ExtensibilityGlobals) = postSolution
		SolutionGuid = {8F8910E4-1691-455E-94BB-360AAA002A13}
	EndGlobalSection
EndGlobal
